
Microsoft Visual Studio Solution File, Format Version 12.00
# Visual Studio Version 16
VisualStudioVersion = 16.0.33328.57
MinimumVisualStudioVersion = 10.0.40219.1
Project("{FAE04EC0-301F-11D3-BF4B-00C04F79EFBC}") = "Webbanhang", "Webbanhang\Webbanhang.csproj", "{71E6CADA-897B-40F7-A1D1-EA4BE257E88D}"
EndProject
Global
	GlobalSection(SolutionConfigurationPlatforms) = preSolution
		Debug|Any CPU = Debug|Any CPU
		Release|Any CPU = Release|Any CPU
	EndGlobalSection
	GlobalSection(ProjectConfigurationPlatforms) = postSolution
		{71E6CADA-897B-40F7-A1D1-EA4BE257E88D}.Debug|Any CPU.ActiveCfg = Debug|Any CPU
		{71E6CADA-897B-40F7-A1D1-EA4BE257E88D}.Debug|Any CPU.Build.0 = Debug|Any CPU
		{71E6CADA-897B-40F7-A1D1-EA4BE257E88D}.Release|Any CPU.ActiveCfg = Release|Any CPU
		{71E6CADA-897B-40F7-A1D1-EA4BE257E88D}.Release|Any CPU.Build.0 = Release|Any CPU
	EndGlobalSection
	GlobalSection(SolutionProperties) = preSolution
		HideSolutionNode = FALSE
	EndGlobalSection
	GlobalSection(ExtensibilityGlobals) = postSolution
		SolutionGuid = {158A7B94-4C8C-4B05-ACF5-A7714C53B8C6}
	EndGlobalSection
EndGlobal
